// !$*UTF8*$!
{
	archiveVersion = 1;
	classes = {
	};
	objectVersion = 77;
	objects = {

/* Begin PBXBuildFile section */
		8B1B4FF92F659AD1005C246F /* WeatherCard.swift in Sources */ = {isa = PBXBuildFile; fileRef = 8B1B4FF82F659AD1005C246F /* WeatherCard.swift */; };
		8B1B4FFB2F659AD1005C246F /* WeatherView.swift in Sources */ = {isa = PBXBuildFile; fileRef = 8B1B4FFA2F659AD1005C246F /* WeatherView.swift */; };
		8B1B4FFD2F659AD2005C246F /* BodyPartCard.swift in Sources */ = {isa = PBXBuildFile; fileRef = 8B1B4FFC2F659AD2005C246F /* BodyPartCard.swift */; };
		8B1B4FFF2F659AD2005C246F /* BodyPartsView.swift in Sources */ = {isa = PBXBuildFile; fileRef = 8B1B4FFE2F659AD2005C246F /* BodyPartsView.swift */; };
		8B1B50012F659AD3005C246F /* FoodCard.swift in Sources */ = {isa = PBXBuildFile; fileRef = 8B1B50002F659AD3005C246F /* FoodCard.swift */; };
		8B1B50032F659AD4005C246F /* FoodView.swift in Sources */ = {isa = PBXBuildFile; fileRef = 8B1B50022F659AD4005C246F /* FoodView.swift */; };
		8B57F7282F63BBB4001F6F5E /* TodayView.swift in Sources */ = {isa = PBXBuildFile; fileRef = 8B57F7272F63BBB4001F6F5E /* TodayView.swift */; };
		8B57F72A2F63BBB5001F6F5E /* NumberCard.swift in Sources */ = {isa = PBXBuildFile; fileRef = 8B57F7292F63BBB5001F6F5E /* NumberCard.swift */; };
		8B57F72C2F63BBB6001F6F5E /* NumbersView.swift in Sources */ = {isa = PBXBuildFile; fileRef = 8B57F72B2F63BBB6001F6F5E /* NumbersView.swift */; };
		8B57F72E2F63BBB7001F6F5E /* ColorCard.swift in Sources */ = {isa = PBXBuildFile; fileRef = 8B57F72D2F63BBB7001F6F5E /* ColorCard.swift */; };
		8B57F7302F63BBB8001F6F5E /* ColorsView.swift in Sources */ = {isa = PBXBuildFile; fileRef = 8B57F72F2F63BBB8001F6F5E /* ColorsView.swift */; };
		8B57F7322F63BBB9001F6F5E /* ShapeCard.swift in Sources */ = {isa = PBXBuildFile; fileRef = 8B57F7312F63BBB9001F6F5E /* ShapeCard.swift */; };
		8B57F7342F63BBBA001F6F5E /* ShapesView.swift in Sources */ = {isa = PBXBuildFile; fileRef = 8B57F7332F63BBBA001F6F5E /* ShapesView.swift */; };
		8B57F7362F63BBBA001F6F5E /* AnimalCard.swift in Sources */ = {isa = PBXBuildFile; fileRef = 8B57F7352F63BBBA001F6F5E /* AnimalCard.swift */; };
		8B57F7382F63BBBB001F6F5E /* AnimalsView.swift in Sources */ = {isa = PBXBuildFile; fileRef = 8B57F7372F63BBBB001F6F5E /* AnimalsView.swift */; };
		8B57F73A2F63BBBD001F6F5E /* LetterCard.swift in Sources */ = {isa = PBXBuildFile; fileRef = 8B57F7392F63BBBD001F6F5E /* LetterCard.swift */; };
		8B57F73C2F63BBBD001F6F5E /* AlphabetView.swift in Sources */ = {isa = PBXBuildFile; fileRef = 8B57F73B2F63BBBD001F6F5E /* AlphabetView.swift */; };
/* End PBXBuildFile section */

/* Begin PBXFileReference section */
		8B1B4FF82F659AD1005C246F /* WeatherCard.swift */ = {isa = PBXFileReference; lastKnownFileType = sourcecode.swift; path = WeatherCard.swift; sourceTree = "<group>"; };
		8B1B4FFA2F659AD1005C246F /* WeatherView.swift */ = {isa = PBXFileReference; lastKnownFileType = sourcecode.swift; path = WeatherView.swift; sourceTree = "<group>"; };
		8B1B4FFC2F659AD2005C246F /* BodyPartCard.swift */ = {isa = PBXFileReference; lastKnownFileType = sourcecode.swift; path = BodyPartCard.swift; sourceTree = "<group>"; };
		8B1B4FFE2F659AD2005C246F /* BodyPartsView.swift */ = {isa = PBXFileReference; lastKnownFileType = sourcecode.swift; path = BodyPartsView.swift; sourceTree = "<group>"; };
		8B1B50002F659AD3005C246F /* FoodCard.swift */ = {isa = PBXFileReference; lastKnownFileType = sourcecode.swift; path = FoodCard.swift; sourceTree = "<group>"; };
		8B1B50022F659AD4005C246F /* FoodView.swift */ = {isa = PBXFileReference; lastKnownFileType = sourcecode.swift; path = FoodView.swift; sourceTree = "<group>"; };
		8B57F7272F63BBB4001F6F5E /* TodayView.swift */ = {isa = PBXFileReference; lastKnownFileType = sourcecode.swift; path = TodayView.swift; sourceTree = "<group>"; };
		8B57F7292F63BBB5001F6F5E /* NumberCard.swift */ = {isa = PBXFileReference; lastKnownFileType = sourcecode.swift; path = NumberCard.swift; sourceTree = "<group>"; };
		8B57F72B2F63BBB6001F6F5E /* NumbersView.swift */ = {isa = PBXFileReference; lastKnownFileType = sourcecode.swift; path = NumbersView.swift; sourceTree = "<group>"; };
		8B57F72D2F63BBB7001F6F5E /* ColorCard.swift */ = {isa = PBXFileReference; lastKnownFileType = sourcecode.swift; path = ColorCard.swift; sourceTree = "<group>"; };
		8B57F72F2F63BBB8001F6F5E /* ColorsView.swift */ = {isa = PBXFileReference; lastKnownFileType = sourcecode.swift; path = ColorsView.swift; sourceTree = "<group>"; };
		8B57F7312F63BBB9001F6F5E /* ShapeCard.swift */ = {isa = PBXFileReference; lastKnownFileType = sourcecode.swift; path = ShapeCard.swift; sourceTree = "<group>"; };
		8B57F7332F63BBBA001F6F5E /* ShapesView.swift */ = {isa = PBXFileReference; lastKnownFileType = sourcecode.swift; path = ShapesView.swift; sourceTree = "<group>"; };
		8B57F7352F63BBBA001F6F5E /* AnimalCard.swift */ = {isa = PBXFileReference; lastKnownFileType = sourcecode.swift; path = AnimalCard.swift; sourceTree = "<group>"; };
		8B57F7372F63BBBB001F6F5E /* AnimalsView.swift */ = {isa = PBXFileReference; lastKnownFileType = sourcecode.swift; path = AnimalsView.swift; sourceTree = "<group>"; };
		8B57F7392F63BBBD001F6F5E /* LetterCard.swift */ = {isa = PBXFileReference; lastKnownFileType = sourcecode.swift; path = LetterCard.swift; sourceTree = "<group>"; };
		8B57F73B2F63BBBD001F6F5E /* AlphabetView.swift */ = {isa = PBXFileReference; lastKnownFileType = sourcecode.swift; path = AlphabetView.swift; sourceTree = "<group>"; };
		8B7051B22F5F908800491D58 /* DayByDay.app */ = {isa = PBXFileReference; explicitFileType = wrapper.application; includeInIndex = 0; path = DayByDay.app; sourceTree = BUILT_PRODUCTS_DIR; };
/* End PBXFileReference section */

/* Begin PBXFileSystemSynchronizedBuildFileExceptionSet section */
		8B5214E62F621E0200E1D35A /* Exceptions for "DayByDay" folder in "DayByDay" target */ = {
			isa = PBXFileSystemSynchronizedBuildFileExceptionSet;
			membershipExceptions = (
				Info.plist,
			);
			target = 8B7051B12F5F908800491D58 /* DayByDay */;
		};
/* End PBXFileSystemSynchronizedBuildFileExceptionSet section */

/* Begin PBXFileSystemSynchronizedRootGroup section */
		8B7051B42F5F908800491D58 /* DayByDay */ = {
			isa = PBXFileSystemSynchronizedRootGroup;
			exceptions = (
				8B5214E62F621E0200E1D35A /* Exceptions for "DayByDay" folder in "DayByDay" target */,
			);
			path = DayByDay;
			sourceTree = "<group>";
		};
/* End PBXFileSystemSynchronizedRootGroup section */

/* Begin PBXFrameworksBuildPhase section */
		8B7051AF2F5F908800491D58 /* Frameworks */ = {
			isa = PBXFrameworksBuildPhase;
			buildActionMask = 2147483647;
			files = (
			);
			runOnlyForDeploymentPostprocessing = 0;
		};
/* End PBXFrameworksBuildPhase section */

/* Begin PBXGroup section */
		8B7051A92F5F908800491D58 = {
			isa = PBXGroup;
			children = (
				8B7051B42F5F908800491D58 /* DayByDay */,
				8B7051B32F5F908800491D58 /* Products */,
				8B57F7272F63BBB4001F6F5E /* TodayView.swift */,
				8B57F7292F63BBB5001F6F5E /* NumberCard.swift */,
				8B57F72B2F63BBB6001F6F5E /* NumbersView.swift */,
				8B57F72D2F63BBB7001F6F5E /* ColorCard.swift */,
				8B57F72F2F63BBB8001F6F5E /* ColorsView.swift */,
				8B57F7312F63BBB9001F6F5E /* ShapeCard.swift */,
				8B57F7332F63BBBA001F6F5E /* ShapesView.swift */,
				8B57F7352F63BBBA001F6F5E /* AnimalCard.swift */,
				8B57F7372F63BBBB001F6F5E /* AnimalsView.swift */,
				8B57F7392F63BBBD001F6F5E /* LetterCard.swift */,
				8B57F73B2F63BBBD001F6F5E /* AlphabetView.swift */,
				8B1B4FF82F659AD1005C246F /* WeatherCard.swift */,
				8B1B4FFA2F659AD1005C246F /* WeatherView.swift */,
				8B1B4FFC2F659AD2005C246F /* BodyPartCard.swift */,
				8B1B4FFE2F659AD2005C246F /* BodyPartsView.swift */,
				8B1B50002F659AD3005C246F /* FoodCard.swift */,
				8B1B50022F659AD4005C246F /* FoodView.swift */,
			);
			sourceTree = "<group>";
		};
		8B7051B32F5F908800491D58 /* Products */ = {
			isa = PBXGroup;
			children = (
				8B7051B22F5F908800491D58 /* DayByDay.app */,
			);
			name = Products;
			sourceTree = "<group>";
		};
/* End PBXGroup section */

/* Begin PBXNativeTarget section */
		8B7051B12F5F908800491D58 /* DayByDay */ = {
			isa = PBXNativeTarget;
			buildConfigurationList = 8B7051BD2F5F908900491D58 /* Build configuration list for PBXNativeTarget "DayByDay" */;
			buildPhases = (
				8B7051AE2F5F908800491D58 /* Sources */,
				8B7051AF2F5F908800491D58 /* Frameworks */,
				8B7051B02F5F908800491D58 /* Resources */,
			);
			buildRules = (
			);
			dependencies = (
			);
			fileSystemSynchronizedGroups = (
				8B7051B42F5F908800491D58 /* DayByDay */,
			);
			name = DayByDay;
			packageProductDependencies = (
			);
			productName = DayByDay;
			productReference = 8B7051B22F5F908800491D58 /* DayByDay.app */;
			productType = "com.apple.product-type.application";
		};
/* End PBXNativeTarget section */

/* Begin PBXProject section */
		8B7051AA2F5F908800491D58 /* Project object */ = {
			isa = PBXProject;
			attributes = {
				BuildIndependentTargetsInParallel = 1;
				LastSwiftUpdateCheck = 2630;
				LastUpgradeCheck = 2640;
				TargetAttributes = {
					8B7051B12F5F908800491D58 = {
						CreatedOnToolsVersion = 26.3;
					};
				};
			};
			buildConfigurationList = 8B7051AD2F5F908800491D58 /* Build configuration list for PBXProject "DayByDay" */;
			developmentRegion = en;
			hasScannedForEncodings = 0;
			knownRegions = (
				en,
				Base,
			);
			mainGroup = 8B7051A92F5F908800491D58;
			minimizedProjectReferenceProxies = 1;
			preferredProjectObjectVersion = 77;
			productRefGroup = 8B7051B32F5F908800491D58 /* Products */;
			projectDirPath = "";
			projectRoot = "";
			targets = (
				8B7051B12F5F908800491D58 /* DayByDay */,
			);
		};
/* End PBXProject section */

/* Begin PBXResourcesBuildPhase section */
		8B7051B02F5F908800491D58 /* Resources */ = {
			isa = PBXResourcesBuildPhase;
			buildActionMask = 2147483647;
			files = (
			);
			runOnlyForDeploymentPostprocessing = 0;
		};
/* End PBXResourcesBuildPhase section */

/* Begin PBXSourcesBuildPhase section */
		8B7051AE2F5F908800491D58 /* Sources */ = {
			isa = PBXSourcesBuildPhase;
			buildActionMask = 2147483647;
			files = (
				8B1B50032F659AD4005C246F /* FoodView.swift in Sources */,
				8B57F72E2F63BBB7001F6F5E /* ColorCard.swift in Sources */,
				8B57F73C2F63BBBD001F6F5E /* AlphabetView.swift in Sources */,
				8B57F73A2F63BBBD001F6F5E /* LetterCard.swift in Sources */,
				8B57F7382F63BBBB001F6F5E /* AnimalsView.swift in Sources */,
				8B57F72C2F63BBB6001F6F5E /* NumbersView.swift in Sources */,
				8B57F72A2F63BBB5001F6F5E /* NumberCard.swift in Sources */,
				8B1B50012F659AD3005C246F /* FoodCard.swift in Sources */,
				8B1B4FF92F659AD1005C246F /* WeatherCard.swift in Sources */,
				8B1B4FFB2F659AD1005C246F /* WeatherView.swift in Sources */,
				8B1B4FFD2F659AD2005C246F /* BodyPartCard.swift in Sources */,
				8B1B4FFF2F659AD2005C246F /* BodyPartsView.swift in Sources */,
				8B57F7342F63BBBA001F6F5E /* ShapesView.swift in Sources */,
				8B57F7362F63BBBA001F6F5E /* AnimalCard.swift in Sources */,
				8B57F7322F63BBB9001F6F5E /* ShapeCard.swift in Sources */,
				8B57F7282F63BBB4001F6F5E /* TodayView.swift in Sources */,
				8B57F7302F63BBB8001F6F5E /* ColorsView.swift in Sources */,
			);
			runOnlyForDeploymentPostprocessing = 0;
		};
/* End PBXSourcesBuildPhase section */

/* Begin XCBuildConfiguration section */
		8B7051BB2F5F908900491D58 /* Debug */ = {
			isa = XCBuildConfiguration;
			buildSettings = {
				ALWAYS_SEARCH_USER_PATHS = NO;
				ASSETCATALOG_COMPILER_GENERATE_SWIFT_ASSET_SYMBOL_EXTENSIONS = YES;
				CLANG_ANALYZER_NONNULL = YES;
				CLANG_ANALYZER_NUMBER_OBJECT_CONVERSION = YES_AGGRESSIVE;
				CLANG_CXX_LANGUAGE_STANDARD = "gnu++20";
				CLANG_ENABLE_MODULES = YES;
				CLANG_ENABLE_OBJC_ARC = YES;
				CLANG_ENABLE_OBJC_WEAK = YES;
				CLANG_WARN_BLOCK_CAPTURE_AUTORELEASING = YES;
				CLANG_WARN_BOOL_CONVERSION = YES;
				CLANG_WARN_COMMA = YES;
				CLANG_WARN_CONSTANT_CONVERSION = YES;
				CLANG_WARN_DEPRECATED_OBJC_IMPLEMENTATIONS = YES;
				CLANG_WARN_DIRECT_OBJC_ISA_USAGE = YES_ERROR;
				CLANG_WARN_DOCUMENTATION_COMMENTS = YES;
				CLANG_WARN_EMPTY_BODY = YES;
				CLANG_WARN_ENUM_CONVERSION = YES;
				CLANG_WARN_INFINITE_RECURSION = YES;
				CLANG_WARN_INT_CONVERSION = YES;
				CLANG_WARN_NON_LITERAL_NULL_CONVERSION = YES;
				CLANG_WARN_OBJC_IMPLICIT_RETAIN_SELF = YES;
				CLANG_WARN_OBJC_LITERAL_CONVERSION = YES;
				CLANG_WARN_OBJC_ROOT_CLASS = YES_ERROR;
				CLANG_WARN_QUOTED_INCLUDE_IN_FRAMEWORK_HEADER = YES;
				CLANG_WARN_RANGE_LOOP_ANALYSIS = YES;
				CLANG_WARN_STRICT_PROTOTYPES = YES;
				CLANG_WARN_SUSPICIOUS_MOVE = YES;
				CLANG_WARN_UNGUARDED_AVAILABILITY = YES_AGGRESSIVE;
				CLANG_WARN_UNREACHABLE_CODE = YES;
				CLANG_WARN__DUPLICATE_METHOD_MATCH = YES;
				COPY_PHASE_STRIP = NO;
				DEBUG_INFORMATION_FORMAT = dwarf;
				DEVELOPMENT_TEAM = ZCNAX3VL9D;
				ENABLE_STRICT_OBJC_MSGSEND = YES;
				ENABLE_TESTABILITY = YES;
				ENABLE_USER_SCRIPT_SANDBOXING = YES;
				GCC_C_LANGUAGE_STANDARD = gnu17;
				GCC_DYNAMIC_NO_PIC = NO;
				GCC_NO_COMMON_BLOCKS = YES;
				GCC_OPTIMIZATION_LEVEL = 0;
				GCC_PREPROCESSOR_DEFINITIONS = (
					"DEBUG=1",
					"$(inherited)",
				);
				GCC_WARN_64_TO_32_BIT_CONVERSION = YES;
				GCC_WARN_ABOUT_RETURN_TYPE = YES_ERROR;
				GCC_WARN_UNDECLARED_SELECTOR = YES;
				GCC_WARN_UNINITIALIZED_AUTOS = YES_AGGRESSIVE;
				GCC_WARN_UNUSED_FUNCTION = YES;
				GCC_WARN_UNUSED_VARIABLE = YES;
				IPHONEOS_DEPLOYMENT_TARGET = 26.2;
				LOCALIZATION_PREFERS_STRING_CATALOGS = YES;
				MTL_ENABLE_DEBUG_INFO = INCLUDE_SOURCE;
				MTL_FAST_MATH = YES;
				ONLY_ACTIVE_ARCH = YES;
				SDKROOT = iphoneos;
				STRING_CATALOG_GENERATE_SYMBOLS = YES;
				SWIFT_ACTIVE_COMPILATION_CONDITIONS = "DEBUG $(inherited)";
				SWIFT_OPTIMIZATION_LEVEL = "-Onone";
			};
			name = Debug;
		};
		8B7051BC2F5F908900491D58 /* Release */ = {
			isa = XCBuildConfiguration;
			buildSettings = {
				ALWAYS_SEARCH_USER_PATHS = NO;
				ASSETCATALOG_COMPILER_GENERATE_SWIFT_ASSET_SYMBOL_EXTENSIONS = YES;
				CLANG_ANALYZER_NONNULL = YES;
				CLANG_ANALYZER_NUMBER_OBJECT_CONVERSION = YES_AGGRESSIVE;
				CLANG_CXX_LANGUAGE_STANDARD = "gnu++20";
				CLANG_ENABLE_MODULES = YES;
				CLANG_ENABLE_OBJC_ARC = YES;
				CLANG_ENABLE_OBJC_WEAK = YES;
				CLANG_WARN_BLOCK_CAPTURE_AUTORELEASING = YES;
				CLANG_WARN_BOOL_CONVERSION = YES;
				CLANG_WARN_COMMA = YES;
				CLANG_WARN_CONSTANT_CONVERSION = YES;
				CLANG_WARN_DEPRECATED_OBJC_IMPLEMENTATIONS = YES;
				CLANG_WARN_DIRECT_OBJC_ISA_USAGE = YES_ERROR;
				CLANG_WARN_DOCUMENTATION_COMMENTS = YES;
				CLANG_WARN_EMPTY_BODY = YES;
				CLANG_WARN_ENUM_CONVERSION = YES;
				CLANG_WARN_INFINITE_RECURSION = YES;
				CLANG_WARN_INT_CONVERSION = YES;
				CLANG_WARN_NON_LITERAL_NULL_CONVERSION = YES;
				CLANG_WARN_OBJC_IMPLICIT_RETAIN_SELF = YES;
				CLANG_WARN_OBJC_LITERAL_CONVERSION = YES;
				CLANG_WARN_OBJC_ROOT_CLASS = YES_ERROR;
				CLANG_WARN_QUOTED_INCLUDE_IN_FRAMEWORK_HEADER = YES;
				CLANG_WARN_RANGE_LOOP_ANALYSIS = YES;
				CLANG_WARN_STRICT_PROTOTYPES = YES;
				CLANG_WARN_SUSPICIOUS_MOVE = YES;
				CLANG_WARN_UNGUARDED_AVAILABILITY = YES_AGGRESSIVE;
				CLANG_WARN_UNREACHABLE_CODE = YES;
				CLANG_WARN__DUPLICATE_METHOD_MATCH = YES;
				COPY_PHASE_STRIP = NO;
				DEBUG_INFORMATION_FORMAT = "dwarf-with-dsym";
				DEVELOPMENT_TEAM = ZCNAX3VL9D;
				ENABLE_NS_ASSERTIONS = NO;
				ENABLE_STRICT_OBJC_MSGSEND = YES;
				ENABLE_USER_SCRIPT_SANDBOXING = YES;
				GCC_C_LANGUAGE_STANDARD = gnu17;
				GCC_NO_COMMON_BLOCKS = YES;
				GCC_WARN_64_TO_32_BIT_CONVERSION = YES;
				GCC_WARN_ABOUT_RETURN_TYPE = YES_ERROR;
				GCC_WARN_UNDECLARED_SELECTOR = YES;
				GCC_WARN_UNINITIALIZED_AUTOS = YES_AGGRESSIVE;
				GCC_WARN_UNUSED_FUNCTION = YES;
				GCC_WARN_UNUSED_VARIABLE = YES;
				IPHONEOS_DEPLOYMENT_TARGET = 26.2;
				LOCALIZATION_PREFERS_STRING_CATALOGS = YES;
				MTL_ENABLE_DEBUG_INFO = NO;
				MTL_FAST_MATH = YES;
				SDKROOT = iphoneos;
				STRING_CATALOG_GENERATE_SYMBOLS = YES;
				SWIFT_COMPILATION_MODE = wholemodule;
				VALIDATE_PRODUCT = YES;
			};
			name = Release;
		};
		8B7051BE2F5F908900491D58 /* Debug */ = {
			isa = XCBuildConfiguration;
			buildSettings = {
				ASSETCATALOG_COMPILER_APPICON_NAME = AppIcon;
				ASSETCATALOG_COMPILER_GLOBAL_ACCENT_COLOR_NAME = AccentColor;
				CODE_SIGN_STYLE = Automatic;
				CURRENT_PROJECT_VERSION = 7;
				DEVELOPMENT_TEAM = ZCNAX3VL9D;
				ENABLE_PREVIEWS = YES;
				GENERATE_INFOPLIST_FILE = YES;
				INFOPLIST_FILE = DayByDay/Info.plist;
				INFOPLIST_KEY_CFBundleDisplayName = "Day By Day";
				INFOPLIST_KEY_LSApplicationCategoryType = "public.app-category.education";
				INFOPLIST_KEY_UIApplicationSceneManifest_Generation = YES;
				INFOPLIST_KEY_UIApplicationSupportsIndirectInputEvents = YES;
				INFOPLIST_KEY_UISupportedInterfaceOrientations = "UIInterfaceOrientationLandscapeLeft UIInterfaceOrientationLandscapeRight UIInterfaceOrientationPortrait UIInterfaceOrientationPortraitUpsideDown";
				IPHONEOS_DEPLOYMENT_TARGET = 17.5;
				LD_RUNPATH_SEARCH_PATHS = (
					"$(inherited)",
					"@executable_path/Frameworks",
				);
				MARKETING_VERSION = 1.3.3;
				PRODUCT_BUNDLE_IDENTIFIER = net.cleberg.DayByDay;
				PRODUCT_NAME = "$(TARGET_NAME)";
				STRING_CATALOG_GENERATE_SYMBOLS = YES;
				SWIFT_APPROACHABLE_CONCURRENCY = YES;
				SWIFT_DEFAULT_ACTOR_ISOLATION = MainActor;
				SWIFT_EMIT_LOC_STRINGS = YES;
				SWIFT_UPCOMING_FEATURE_MEMBER_IMPORT_VISIBILITY = YES;
				SWIFT_VERSION = 5.0;
				TARGETED_DEVICE_FAMILY = "1,2";
			};
			name = Debug;
		};
		8B7051BF2F5F908900491D58 /* Release */ = {
			isa = XCBuildConfiguration;
			buildSettings = {
				ASSETCATALOG_COMPILER_APPICON_NAME = AppIcon;
				ASSETCATALOG_COMPILER_GLOBAL_ACCENT_COLOR_NAME = AccentColor;
				CODE_SIGN_STYLE = Automatic;
				CURRENT_PROJECT_VERSION = 7;
				DEVELOPMENT_TEAM = ZCNAX3VL9D;
				ENABLE_PREVIEWS = YES;
				GENERATE_INFOPLIST_FILE = YES;
				INFOPLIST_FILE = DayByDay/Info.plist;
				INFOPLIST_KEY_CFBundleDisplayName = "Day By Day";
				INFOPLIST_KEY_LSApplicationCategoryType = "public.app-category.education";
				INFOPLIST_KEY_UIApplicationSceneManifest_Generation = YES;
				INFOPLIST_KEY_UIApplicationSupportsIndirectInputEvents = YES;
				INFOPLIST_KEY_UISupportedInterfaceOrientations = "UIInterfaceOrientationLandscapeLeft UIInterfaceOrientationLandscapeRight UIInterfaceOrientationPortrait UIInterfaceOrientationPortraitUpsideDown";
				IPHONEOS_DEPLOYMENT_TARGET = 17.5;
				LD_RUNPATH_SEARCH_PATHS = (
					"$(inherited)",
					"@executable_path/Frameworks",
				);
				MARKETING_VERSION = 1.3.3;
				PRODUCT_BUNDLE_IDENTIFIER = net.cleberg.DayByDay;
				PRODUCT_NAME = "$(TARGET_NAME)";
				STRING_CATALOG_GENERATE_SYMBOLS = YES;
				SWIFT_APPROACHABLE_CONCURRENCY = YES;
				SWIFT_DEFAULT_ACTOR_ISOLATION = MainActor;
				SWIFT_EMIT_LOC_STRINGS = YES;
				SWIFT_UPCOMING_FEATURE_MEMBER_IMPORT_VISIBILITY = YES;
				SWIFT_VERSION = 5.0;
				TARGETED_DEVICE_FAMILY = "1,2";
			};
			name = Release;
		};
/* End XCBuildConfiguration section */

/* Begin XCConfigurationList section */
		8B7051AD2F5F908800491D58 /* Build configuration list for PBXProject "DayByDay" */ = {
			isa = XCConfigurationList;
			buildConfigurations = (
				8B7051BB2F5F908900491D58 /* Debug */,
				8B7051BC2F5F908900491D58 /* Release */,
			);
			defaultConfigurationIsVisible = 0;
			defaultConfigurationName = Release;
		};
		8B7051BD2F5F908900491D58 /* Build configuration list for PBXNativeTarget "DayByDay" */ = {
			isa = XCConfigurationList;
			buildConfigurations = (
				8B7051BE2F5F908900491D58 /* Debug */,
				8B7051BF2F5F908900491D58 /* Release */,
			);
			defaultConfigurationIsVisible = 0;
			defaultConfigurationName = Release;
		};
/* End XCConfigurationList section */
	};
	rootObject = 8B7051AA2F5F908800491D58 /* Project object */;
}
